{
  "object": {
    "pins": [
      {
        "package": "Alamofire",
        "repositoryURL": "https://github.com/Alamofire/Alamofire.git",
        "state": {
          "branch": null,
          "revision": "f96b619bcb2383b43d898402283924b80e2c4bae",
          "version": "5.4.3"
        }
      },
      {
        "package": "Realm",
        "repositoryURL": "https://github.com/realm/realm-cocoa.git",
        "state": {
          "branch": null,
          "revision": "7e5c77fd7fbb30259e8e6e6a41f32289f72e0812",
          "version": "10.7.6"
        }
      },
      {
        "package": "RealmDatabase",
        "repositoryURL": "https://github.com/realm/realm-core",
        "state": {
          "branch": null,
          "revision": "018adb3469c2882904febca251778129ef4a9b70",
          "version": "10.7.2"
        }
      }
    ]
  },
  "version": 1
}
